hash: 0f88dc5e2e06a6f521494b90be31d53c636ada484758d42c6fd826aeff450b02
updated: 2016-02-01T10:05:07.883635101-06:00
imports:
- name: github.com/ActiveState/tail
  version: 1a0242e795eeefe54261ff308dc685f7d29cc58c
  repo: https://github.com/ActiveState/tail
- name: github.com/armon/go-radix
  version: 4239b77079c7b5d1243b7b4736304ce8ddb6f0f2
- name: github.com/aws/aws-sdk-go
  version: bc2c5714d312337494394909e7cc3a19a2e68530
- name: github.com/bgentry/speakeasy
  version: 36e9cfdd690967f4f690c6edcc9ffacd006014a0
- name: github.com/davecgh/go-spew
  version: 2df174808ee097f90d259e432cc04442cf60be21
  subpackages:
  - spew
- name: github.com/digitalocean/godo
  version: 6ca5b770f203b82a0fca68d0941736458efa8a4f
  repo: https://github.com/digitalocean/godo
- name: github.com/dylanmei/iso8601
  version: 2075bf119b58e5576c6ed9f867b8f3d17f2e54d4
- name: github.com/dylanmei/winrmtest
  version: 025617847eb2cf9bd1d851bc3b22ed28e6245ce5
- name: github.com/go-ini/ini
  version: afbd495e5aaea13597b5e14fe514ddeaa4d76fc3
- name: github.com/golang/glog
  version: 23def4e6c14b4da8ac2ed8007337bc5eb5007998
- name: github.com/golang/protobuf
  version: 45bba206dd5270d96bac4942dcfe515726613249
  repo: https://github.com/golang/protobuf
- name: github.com/google/go-querystring
  version: 2a60fc2ba6c19de80291203597d752e9ba58e4c0
  repo: https://github.com/google/go-querystring
- name: github.com/hashicorp/atlas-go
  version: 0008886ebfa3b424bed03e2a5cbe4a2568ea0ff6
- name: github.com/hashicorp/errwrap
  version: 7554cd9344cec97297fa6649b055a8c98c2a1e55
- name: github.com/hashicorp/go-checkpoint
  version: e4b2dc34c0f698ee04750bf2035d8b9384233e1b
- name: github.com/hashicorp/go-cleanhttp
  version: ce617e79981a8fff618bb643d155133a8f38db96
- name: github.com/hashicorp/go-multierror
  version: d30f09973e19c1dfcd120b2d9c4f168e68d6b5d5
- name: github.com/hashicorp/go-version
  version: 7e3c02b30806fa5779d3bdfc152ce4c6f40e7b38
- name: github.com/hashicorp/yamux
  version: df949784da9ed028ee76df44652e42d37a09d7e4
- name: github.com/hpcloud/tail
  version: 1a0242e795eeefe54261ff308dc685f7d29cc58c
  repo: https://github.com/hpcloud/tail
- name: github.com/jmespath/go-jmespath
  version: c01cf91b011868172fdcd9f41838e80c9d716264
- name: github.com/joyent/gocommon
  version: ade826b8b54e81a779ccb29d358a45ba24b7809c
  subpackages:
  - /client
- name: github.com/joyent/gosdc
  version: 314a7decc58d8136473f1849e9be59c99b12f8bf
  subpackages:
  - /cloudapi
- name: github.com/joyent/gosign
  version: a1f3aa7d52213987117e47d721bcc9a499994d5f
  subpackages:
  - /auth
- name: github.com/julienschmidt/httprouter
  version: abb0dc9f755ff0a9d818db28d9d8b9810066e2b5
- name: github.com/kardianos/osext
  version: 29ae4ffbc9a6fe9fb2bc5029050ce6996ea1d3bc
- name: github.com/klauspost/compress
  version: f86d2e6d8a77c6a2c4e42a87ded21c6422f7557e
  repo: https://github.com/klauspost/compress
- name: github.com/klauspost/cpuid
  version: 349c675778172472f5e8f3a3e0fe187e302e5a10
  repo: https://github.com/klauspost/cpuid
- name: github.com/klauspost/crc32
  version: 999f3125931f6557b991b2f8472172bdfa578d38
  repo: https://github.com/klauspost/crc32
- name: github.com/klauspost/pgzip
  version: 47f36e165cecae5382ecf1ec28ebf7d4679e307d
  repo: https://github.com/klauspost/pgzip
- name: github.com/lsegal/gucumber
  version: 44a4d7eb3b14a88cf82b073dfb7e06277afdc549
  repo: https://github.com/lsegal/gucumber
- name: github.com/masterzen/simplexml
  version: 95ba30457eb1121fa27753627c774c7cd4e90083
- name: github.com/masterzen/winrm
  version: 54ea5d01478cfc2afccec1504bd0dfcd8c260cfa
- name: github.com/masterzen/xmlpath
  version: 13f4951698adc0fa9c1dda3e275d489a24201161
- name: github.com/mattn/go-isatty
  version: 56b76bdf51f7708750eac80fa38b952bb9f32639
- name: github.com/mitchellh/cli
  version: cb6853d606ea4a12a15ac83cc43503df99fd28fb
- name: github.com/mitchellh/go-fs
  version: a34c1b9334e86165685a9449b782f20465eb8c69
- name: github.com/mitchellh/go-vnc
  version: 723ed9867aed0f3209a81151e52ddc61681f0b01
  repo: https://github.com/mitchellh/go-vnc
- name: github.com/mitchellh/iochan
  version: 87b45ffd0e9581375c491fef3d32130bb15c5bd7
- name: github.com/mitchellh/mapstructure
  version: 281073eb9eb092240d33ef253c404f1cca550309
- name: github.com/mitchellh/multistep
  version: 162146fc57112954184d90266f4733e900ed05a5
- name: github.com/mitchellh/packer
  version: 28b045e54683a78c738fa899cb8785257716a0e0
  subpackages:
  - /common
  - helper/communicator
  - helper/config
  - packer
  - packer/plugin
  - template/interpolate
- name: github.com/mitchellh/panicwrap
  version: a1e50bc201f387747a45ffff020f1af2d8759e88
- name: github.com/mitchellh/prefixedio
  version: 6e6954073784f7ee67b28f2d22749d6479151ed7
- name: github.com/mitchellh/reflectwalk
  version: eecf4c70c626c7cfbb95c90195bc34d386c74ac6
- name: github.com/nu7hatch/gouuid
  version: 179d4d0c4d8d407a32af483c2354df1d2c91e6c3
- name: github.com/packer-community/winrmcp
  version: 3d184cea22ee1c41ec1697e0d830ff0c78f7ea97
- name: github.com/pierrec/lz4
  version: 383c0d87b5dd7c090d3cddefe6ff0c2ffbb88470
  repo: https://github.com/pierrec/lz4
- name: github.com/pierrec/xxHash
  version: 5a004441f897722c627870a981d02b29924215fa
  repo: https://github.com/pierrec/xxHash
- name: github.com/pmezard/go-difflib
  version: d8ed2627bdf02c080bf22230dbb337003b7aba2d
  subpackages:
  - difflib
- name: github.com/rackspace/gophercloud
  version: 680aa02616313d8399abc91f17a444cf9292f0e1
- name: github.com/satori/go.uuid
  version: d41af8bb6a7704f00bc3b7cba9355ae6a5a80048
- name: github.com/shiena/ansicolor
  version: a422bbe96644373c5753384a59d678f7d261ff10
  repo: https://github.com/shiena/ansicolor
- name: github.com/stretchr/objx
  version: cbeaeb16a013161a98496fad62933b1d21786672
- name: github.com/stretchr/testify
  version: 9f9027faeb0dad515336ed2f28317f9f8f527ab4
- name: github.com/tent/http-link-go
  version: ac974c61c2f990f4115b119354b5e0b47550e888
  repo: https://github.com/tent/http-link-go
- name: github.com/ugorji/go
  version: 646ae4a518c1c3be0739df898118d9bccf993858
- name: golang.org/x/crypto
  version: 1f22c0103821b9390939b6776727195525381532
  subpackages:
  - /ssh
- name: golang.org/x/net
  version: d513e58596cd55e6f47cd1dcbff6b46035baeccb
- name: golang.org/x/oauth2
  version: 8a57ed94ffd43444c0879fe75701732a38afc985
- name: golang.org/x/text
  version: c67034b95dbbc975b71b6043a2fb4cc0c91cbea3
- name: golang.org/x/tools
  version: b47dfd93e5c47f9311ab20047c690df78d460f75
- name: google.golang.org/api
  version: f6ba98773d96b877b246f3a9266493dfc11e276b
- name: google.golang.org/appengine
  version: 6bde959377a90acb53366051d7d587bfd7171354
  repo: https://google.golang.org/appengine
- name: google.golang.org/cloud
  version: fb10e8da373d97f6ba5e648299a10b3b91f14cd5
- name: google.golang.org/grpc
  version: 93591e7568831bcd7a06b96462022d4c57b487e1
  repo: https://google.golang.org/grpc
- name: gopkg.in/fsnotify.v1
  version: 8611c35ab31c1c28aa903d33cf8b6e44a399b09e
- name: gopkg.in/tomb.v1
  version: dd632973f1e7218eb1089048e0798ec9ae7dceb8
  repo: https://gopkg.in/tomb.v1
- name: gopkg.in/xmlpath.v2
  version: 860cbeca3ebcc600db0b213c0e83ad6ce91f5739
  repo: https://gopkg.in/xmlpath.v2
- name: gopkg.in/yaml.v2
  version: f7716cbe52baa25d2e9b0d0da546fcf909fc16b4
- name: launchpad.net/gocheck
  version: ""
devImports: []
